{
  "projects": [
    {
      "projectId": "tt6TsnGtggzVZCRW2FQ8Vk",
      "version": "latest",
      "dependencies": {},
      "lang": "ts",
      "fileLocks": [
        {
          "type": "globalVariant",
          "assetId": "NIKtHGeB1opg",
          "checksum": "b63a07485b10d9813cf4f03ad347d631"
        },
        {
          "type": "renderModule",
          "assetId": "qAL5iQ50tsT6",
          "checksum": "d95e6e67f6be3c9ddb3e588f803bf4b6"
        },
        {
          "type": "cssRules",
          "assetId": "qAL5iQ50tsT6",
          "checksum": "d95e6e67f6be3c9ddb3e588f803bf4b6"
        },
        {
          "type": "renderModule",
          "assetId": "cAOyLxN62SOb",
          "checksum": "cfcbf8e44fca58910cd8b5e8cd5e03c6"
        },
        {
          "type": "cssRules",
          "assetId": "cAOyLxN62SOb",
          "checksum": "cfcbf8e44fca58910cd8b5e8cd5e03c6"
        },
        {
          "type": "renderModule",
          "assetId": "HBjN2PI6FOY_",
          "checksum": "8b697a645d7a82efe0cf3e78f3b21bff"
        },
        {
          "type": "cssRules",
          "assetId": "HBjN2PI6FOY_",
          "checksum": "8b697a645d7a82efe0cf3e78f3b21bff"
        },
        {
          "type": "renderModule",
          "assetId": "Z-CrKblPINiy",
          "checksum": "fa419889ea72c5d4c8ae15ce490f14d5"
        },
        {
          "type": "cssRules",
          "assetId": "Z-CrKblPINiy",
          "checksum": "fa419889ea72c5d4c8ae15ce490f14d5"
        },
        {
          "type": "renderModule",
          "assetId": "jPkpcXf9p4tS",
          "checksum": "e91c95a89c93f3095c05845678e3bd5b"
        },
        {
          "type": "cssRules",
          "assetId": "jPkpcXf9p4tS",
          "checksum": "e91c95a89c93f3095c05845678e3bd5b"
        },
        {
          "type": "icon",
          "assetId": "3_yHCFLLgNEg",
          "checksum": "c312ef271bf28ecb94c4c097b9c8d6ad"
        },
        {
          "type": "icon",
          "assetId": "aEApkZ9LPN9G",
          "checksum": "3f308e96f123b1fd2961b0aae074b889"
        },
        {
          "type": "icon",
          "assetId": "bmI5bMpk7f1L",
          "checksum": "811787df726efed49db88746a7510d40"
        },
        {
          "type": "icon",
          "assetId": "O8iZdDZj2IKb",
          "checksum": "98324bc5e4538538afb554f49a75e2e6"
        },
        {
          "type": "icon",
          "assetId": "FLu0O6AIBKVq",
          "checksum": "ac070b17039d2c55630daf705d27d67f"
        },
        {
          "type": "icon",
          "assetId": "M7-pYRQDzYBy",
          "checksum": "5a6a6eed65c9b5cb7991a7c834a701af"
        },
        {
          "type": "icon",
          "assetId": "Mp81dLSdsp_D",
          "checksum": "434a0648acb463f01c224b76284ebcc3"
        },
        {
          "type": "icon",
          "assetId": "Fv5K9UTuEa-F",
          "checksum": "1be2224d07658629493a814fe88b2c7b"
        },
        {
          "type": "icon",
          "assetId": "iXMBCYD1tp0N",
          "checksum": "7c4c0900ce48fb8668c4747dd1656984"
        },
        {
          "type": "icon",
          "assetId": "huLMvL5wIXy1",
          "checksum": "081a15b21a474f9a080e91b7e497d9a1"
        },
        {
          "type": "icon",
          "assetId": "FYLMO-tZsz_5",
          "checksum": "9008030342e1f7384de033942eb00a8e"
        },
        {
          "type": "icon",
          "assetId": "7HuHl2O-klQp",
          "checksum": "eb7a76758b60bc07c2892cc3fd016393"
        },
        {
          "type": "icon",
          "assetId": "0R2qJtpePk1T",
          "checksum": "9c6e81f137fae344a76fb40e7676e976"
        },
        {
          "type": "icon",
          "assetId": "6FuUhrFEU7RO",
          "checksum": "804cd812ae6ba78340d3ac3761e282a2"
        },
        {
          "type": "image",
          "assetId": "VT3gx9Dn6N3Z",
          "checksum": "0b0b5451098f7da13d33a678728f1c84"
        },
        {
          "type": "image",
          "assetId": "fKt9ql9lzdB8",
          "checksum": "6fc25cae499d295acf0ab188e94bdaaa"
        },
        {
          "type": "image",
          "assetId": "-s3B_X700ohZ",
          "checksum": "ad82df43ae529e9d69cdd109acf3f0e0"
        },
        {
          "type": "image",
          "assetId": "SXdpaIgtpvZE",
          "checksum": "7130575c4e92f71913b3ee10fa63fd18"
        },
        {
          "type": "image",
          "assetId": "W8W92T7_X9Zs",
          "checksum": "04f78b458a662985efb46924b6cdd8e7"
        },
        {
          "type": "image",
          "assetId": "MXLalRb-4oRe",
          "checksum": "4fa655816b92e5f43f9d53b4cedc6eac"
        },
        {
          "type": "image",
          "assetId": "NxsMBCLi3TXq",
          "checksum": "8686d2118d86d660527189d887b1ffe8"
        },
        {
          "type": "image",
          "assetId": "xynVVcG2Cdqy",
          "checksum": "aad0e423518aac8285adb3a293130d7b"
        },
        {
          "type": "image",
          "assetId": "lZpZ1MGMI7Bp",
          "checksum": "37db6cadb5f49aff02774389e746348d"
        },
        {
          "type": "image",
          "assetId": "V2luxcYvvlgZ",
          "checksum": "a38ae7e5ffe880aa394994b43a2b2821"
        },
        {
          "type": "image",
          "assetId": "4EnUaWNnxrxc",
          "checksum": "cd318920173a1da0097e0527e772d1d5"
        },
        {
          "type": "image",
          "assetId": "1EMAksATap5X",
          "checksum": "8072a0c5d44a091756703af6026a25c7"
        },
        {
          "type": "image",
          "assetId": "ZTkPS3gxy2sn",
          "checksum": "d4e6ffffd2e2423aa3dba23f5aa47c6d"
        },
        {
          "type": "image",
          "assetId": "v_95WVKhVZBu",
          "checksum": "deda7666e253df34a608dfa4c84076db"
        },
        {
          "type": "image",
          "assetId": "d3G5dM-UjArP",
          "checksum": "e8ee7c2e574bbf68946fc6deb131124f"
        },
        {
          "type": "image",
          "assetId": "b3-nALinREDV",
          "checksum": "24645ab4727b647007ae2543b8cd69df"
        },
        {
          "type": "image",
          "assetId": "jz-ecfRgVBxD",
          "checksum": "d067dc49f80f55c201ba2acfaa9899b4"
        },
        {
          "type": "image",
          "assetId": "nTFBGY5QSrrz",
          "checksum": "6b07b08fbfe8f38df0de9626e1995544"
        },
        {
          "type": "image",
          "assetId": "5vquDRWBzWAQ",
          "checksum": "6f3df71cc2d7be56315d3bdb083677c1"
        },
        {
          "type": "image",
          "assetId": "eBnD4wcds2Pj",
          "checksum": "5b6f2fdaa41dc51aace6c09b511edc93"
        },
        {
          "type": "image",
          "assetId": "WlutP9gnxFL2",
          "checksum": "adcbdd9fed792278f6e17ae8fbc23af4"
        },
        {
          "type": "image",
          "assetId": "9FuH1oiCV87Z",
          "checksum": "5c8a63c2bc69f0eb49642fcba19ca7dc"
        },
        {
          "type": "image",
          "assetId": "uPmyzgs9mmH6",
          "checksum": "e4fae8c37903ea4c4e27a479cf21d773"
        },
        {
          "type": "image",
          "assetId": "Cu0KFzuHwJnr",
          "checksum": "12be40f63e7b300ea5ec38bb523111fd"
        },
        {
          "type": "image",
          "assetId": "bHXclzoJXIuM",
          "checksum": "55702523446b444ea7b4c869b4acc4a6"
        },
        {
          "type": "image",
          "assetId": "CiE1ybctlF_K",
          "checksum": "078866c4abe0b0c1e3a9b87e00217aa3"
        },
        {
          "type": "image",
          "assetId": "b_--Ran96H2K",
          "checksum": "f02a8da3f2f8f33992fff063b8c73156"
        },
        {
          "type": "image",
          "assetId": "0mT7PNjoo5kj",
          "checksum": "a8c2c4752eef9e7d6324a20de07cf82a"
        },
        {
          "type": "image",
          "assetId": "51yKzwP7zmJ_",
          "checksum": "265208d3e924f0058325fa50a18193f4"
        },
        {
          "type": "image",
          "assetId": "FYgL5FPrifHg",
          "checksum": "3248f7fd5bf532f6c55e40725fd3ee80"
        },
        {
          "type": "image",
          "assetId": "Cc_5Qy3vIIOu",
          "checksum": "f8d4a87214a6a4ddea71eeaeed1b0fbe"
        },
        {
          "type": "image",
          "assetId": "bjms0lTVAtDH",
          "checksum": "492a73be38b91aed53692ac8862d9075"
        },
        {
          "type": "image",
          "assetId": "hSURkiZVdyzS",
          "checksum": "75dc78e29dda960466b76dabc22ac401"
        },
        {
          "type": "image",
          "assetId": "qotNZMQ-ruVE",
          "checksum": "564e1c357605db9e0b3eac637575768e"
        },
        {
          "type": "image",
          "assetId": "icwchJp-v62e",
          "checksum": "2e17cf82a1f61ab96d375cba961c87b7"
        },
        {
          "type": "image",
          "assetId": "mSqwCtasOZx7",
          "checksum": "891ef478386a9ec8d2258671654aed98"
        },
        {
          "type": "image",
          "assetId": "mw7N9VhWk1EX",
          "checksum": "e425b91acb587ee033b4fe41ee02d0ee"
        },
        {
          "type": "image",
          "assetId": "97a9bkSNqMIF",
          "checksum": "88e14c871db2a0f3e0bd00056aee6dd8"
        },
        {
          "type": "image",
          "assetId": "ljOHV6vxBkNg",
          "checksum": "c1287bf2e4808090751e0db02878794c"
        },
        {
          "type": "image",
          "assetId": "cAn2qEWh7HXF",
          "checksum": "044e5d7ff46c34dd9e3cd6321fabfe2d"
        },
        {
          "type": "globalVariant",
          "assetId": "0mo4e2K7LvGd",
          "checksum": "e366c68fee5b2fb90ffb285abc355025"
        },
        {
          "type": "renderModule",
          "assetId": "08tV0C4XRgYQ",
          "checksum": "50e7d462eb66c3fbc007ed9253ed30bf"
        },
        {
          "type": "cssRules",
          "assetId": "08tV0C4XRgYQ",
          "checksum": "50e7d462eb66c3fbc007ed9253ed30bf"
        },
        {
          "assetId": "tt6TsnGtggzVZCRW2FQ8Vk",
          "type": "projectCss",
          "checksum": "b410a0a1912a7d499137758a7833aa03"
        }
      ],
      "codegenVersion": "0.0.1"
    }
  ],
  "cliVersion": "0.1.309"
}
